
Microsoft Visual Studio Solution File, Format Version 12.00
Project("{FAE04EC0-301F-11D3-BF4B-00C04F79EFBC}") = "ui", "ui\ui.csproj", "{7BD33EC3-C10D-4F8C-86FC-144FC4B44067}"
EndProject
Project("{FAE04EC0-301F-11D3-BF4B-00C04F79EFBC}") = "code-analyzer", "code-analyzer\code-analyzer.csproj", "{EFBC1BFC-C906-46DE-99D4-0EA6E505798D}"
EndProject
Project("{FAE04EC0-301F-11D3-BF4B-00C04F79EFBC}") = "console", "console\console.csproj", "{B6FC2DA2-C12F-4BB9-9036-16C66268A979}"
EndProject
Project("{FAE04EC0-301F-11D3-BF4B-00C04F79EFBC}") = "finder-core", "finder-core\finder-core.csproj", "{28B5B9AF-B8F2-4832-86D6-B62F8B6082EE}"
EndProject
Global
	GlobalSection(SolutionConfigurationPlatforms) = preSolution
		Debug|Any CPU = Debug|Any CPU
		Release|Any CPU = Release|Any CPU
	EndGlobalSection
	GlobalSection(ProjectConfigurationPlatforms) = postSolution
		{7BD33EC3-C10D-4F8C-86FC-144FC4B44067}.Debug|Any CPU.ActiveCfg = Debug|Any CPU
		{7BD33EC3-C10D-4F8C-86FC-144FC4B44067}.Debug|Any CPU.Build.0 = Debug|Any CPU
		{7BD33EC3-C10D-4F8C-86FC-144FC4B44067}.Release|Any CPU.ActiveCfg = Release|Any CPU
		{7BD33EC3-C10D-4F8C-86FC-144FC4B44067}.Release|Any CPU.Build.0 = Release|Any CPU
		{EFBC1BFC-C906-46DE-99D4-0EA6E505798D}.Debug|Any CPU.ActiveCfg = Debug|Any CPU
		{EFBC1BFC-C906-46DE-99D4-0EA6E505798D}.Debug|Any CPU.Build.0 = Debug|Any CPU
		{EFBC1BFC-C906-46DE-99D4-0EA6E505798D}.Release|Any CPU.ActiveCfg = Release|Any CPU
		{EFBC1BFC-C906-46DE-99D4-0EA6E505798D}.Release|Any CPU.Build.0 = Release|Any CPU
		{B6FC2DA2-C12F-4BB9-9036-16C66268A979}.Debug|Any CPU.ActiveCfg = Debug|Any CPU
		{B6FC2DA2-C12F-4BB9-9036-16C66268A979}.Debug|Any CPU.Build.0 = Debug|Any CPU
		{B6FC2DA2-C12F-4BB9-9036-16C66268A979}.Release|Any CPU.ActiveCfg = Release|Any CPU
		{B6FC2DA2-C12F-4BB9-9036-16C66268A979}.Release|Any CPU.Build.0 = Release|Any CPU
		{28B5B9AF-B8F2-4832-86D6-B62F8B6082EE}.Debug|Any CPU.ActiveCfg = Debug|Any CPU
		{28B5B9AF-B8F2-4832-86D6-B62F8B6082EE}.Debug|Any CPU.Build.0 = Debug|Any CPU
		{28B5B9AF-B8F2-4832-86D6-B62F8B6082EE}.Release|Any CPU.ActiveCfg = Release|Any CPU
		{28B5B9AF-B8F2-4832-86D6-B62F8B6082EE}.Release|Any CPU.Build.0 = Release|Any CPU
	EndGlobalSection
EndGlobal
